// !$*UTF8*$!
{
	archiveVersion = 1;
	classes = {
	};
	objectVersion = 56;
	objects = {

/* Begin PBXBuildFile section */
		6EB3761D2C2117D900A6B1C7 /* ContentView.swift in Sources */ = {isa = PBXBuildFile; fileRef = 6EB3761C2C2117D900A6B1C7 /* ContentView.swift */; };
		6EC4203F2C1A783B00027EE9 /* pumpApp.swift in Sources */ = {isa = PBXBuildFile; fileRef = 6EC4203E2C1A783B00027EE9 /* pumpApp.swift */; };
		6EC420432C1A783C00027EE9 /* Assets.xcassets in Resources */ = {isa = PBXBuildFile; fileRef = 6EC420422C1A783C00027EE9 /* Assets.xcassets */; };
		6EC420472C1A783C00027EE9 /* Preview Assets.xcassets in Resources */ = {isa = PBXBuildFile; fileRef = 6EC420462C1A783C00027EE9 /* Preview Assets.xcassets */; };
		6EC420512C1A783D00027EE9 /* pumpTests.swift in Sources */ = {isa = PBXBuildFile; fileRef = 6EC420502C1A783D00027EE9 /* pumpTests.swift */; };
		6EC4205B2C1A783D00027EE9 /* pumpUITests.swift in Sources */ = {isa = PBXBuildFile; fileRef = 6EC4205A2C1A783D00027EE9 /* pumpUITests.swift */; };
		6EC4205D2C1A783D00027EE9 /* pumpUITestsLaunchTests.swift in Sources */ = {isa = PBXBuildFile; fileRef = 6EC4205C2C1A783D00027EE9 /* pumpUITestsLaunchTests.swift */; };
/* End PBXBuildFile section */

/* Begin PBXContainerItemProxy section */
		6EC4204D2C1A783C00027EE9 /* PBXContainerItemProxy */ = {
			isa = PBXContainerItemProxy;
			containerPortal = 6EC420332C1A783B00027EE9 /* Project object */;
			proxyType = 1;
			remoteGlobalIDString = 6EC4203A2C1A783B00027EE9;
			remoteInfo = pump;
		};
		6EC420572C1A783D00027EE9 /* PBXContainerItemProxy */ = {
			isa = PBXContainerItemProxy;
			containerPortal = 6EC420332C1A783B00027EE9 /* Project object */;
			proxyType = 1;
			remoteGlobalIDString = 6EC4203A2C1A783B00027EE9;
			remoteInfo = pump;
		};
/* End PBXContainerItemProxy section */

/* Begin PBXFileReference section */
		6EB3761C2C2117D900A6B1C7 /* ContentView.swift */ = {isa = PBXFileReference; lastKnownFileType = sourcecode.swift; path = ContentView.swift; sourceTree = "<group>"; };
		6EC4203B2C1A783B00027EE9 /* pump.app */ = {isa = PBXFileReference; explicitFileType = wrapper.application; includeInIndex = 0; path = pump.app; sourceTree = BUILT_PRODUCTS_DIR; };
		6EC4203E2C1A783B00027EE9 /* pumpApp.swift */ = {isa = PBXFileReference; lastKnownFileType = sourcecode.swift; path = pumpApp.swift; sourceTree = "<group>"; };
		6EC420422C1A783C00027EE9 /* Assets.xcassets */ = {isa = PBXFileReference; lastKnownFileType = folder.assetcatalog; path = Assets.xcassets; sourceTree = "<group>"; };
		6EC420442C1A783C00027EE9 /* pump.entitlements */ = {isa = PBXFileReference; lastKnownFileType = text.plist.entitlements; path = pump.entitlements; sourceTree = "<group>"; };
		6EC420462C1A783C00027EE9 /* Preview Assets.xcassets */ = {isa = PBXFileReference; lastKnownFileType = folder.assetcatalog; path = "Preview Assets.xcassets"; sourceTree = "<group>"; };
		6EC4204C2C1A783C00027EE9 /* pumpTests.xctest */ = {isa = PBXFileReference; explicitFileType = wrapper.cfbundle; includeInIndex = 0; path = pumpTests.xctest; sourceTree = BUILT_PRODUCTS_DIR; };
		6EC420502C1A783D00027EE9 /* pumpTests.swift */ = {isa = PBXFileReference; lastKnownFileType = sourcecode.swift; path = pumpTests.swift; sourceTree = "<group>"; };
		6EC420562C1A783D00027EE9 /* pumpUITests.xctest */ = {isa = PBXFileReference; explicitFileType = wrapper.cfbundle; includeInIndex = 0; path = pumpUITests.xctest; sourceTree = BUILT_PRODUCTS_DIR; };
		6EC4205A2C1A783D00027EE9 /* pumpUITests.swift */ = {isa = PBXFileReference; lastKnownFileType = sourcecode.swift; path = pumpUITests.swift; sourceTree = "<group>"; };
		6EC4205C2C1A783D00027EE9 /* pumpUITestsLaunchTests.swift */ = {isa = PBXFileReference; lastKnownFileType = sourcecode.swift; path = pumpUITestsLaunchTests.swift; sourceTree = "<group>"; };
/* End PBXFileReference section */

/* Begin PBXFrameworksBuildPhase section */
		6EC420382C1A783B00027EE9 /* Frameworks */ = {
			isa = PBXFrameworksBuildPhase;
			buildActionMask = 2147483647;
			files = (
			);
			runOnlyForDeploymentPostprocessing = 0;
		};
		6EC420492C1A783C00027EE9 /* Frameworks */ = {
			isa = PBXFrameworksBuildPhase;
			buildActionMask = 2147483647;
			files = (
			);
			runOnlyForDeploymentPostprocessing = 0;
		};
		6EC420532C1A783D00027EE9 /* Frameworks */ = {
			isa = PBXFrameworksBuildPhase;
			buildActionMask = 2147483647;
			files = (
			);
			runOnlyForDeploymentPostprocessing = 0;
		};
/* End PBXFrameworksBuildPhase section */

/* Begin PBXGroup section */
		6EC420322C1A783B00027EE9 = {
			isa = PBXGroup;
			children = (
				6EC4203D2C1A783B00027EE9 /* pump */,
				6EC4204F2C1A783D00027EE9 /* pumpTests */,
				6EC420592C1A783D00027EE9 /* pumpUITests */,
				6EC4203C2C1A783B00027EE9 /* Products */,
			);
			sourceTree = "<group>";
		};
		6EC4203C2C1A783B00027EE9 /* Products */ = {
			isa = PBXGroup;
			children = (
				6EC4203B2C1A783B00027EE9 /* pump.app */,
				6EC4204C2C1A783C00027EE9 /* pumpTests.xctest */,
				6EC420562C1A783D00027EE9 /* pumpUITests.xctest */,
			);
			name = Products;
			sourceTree = "<group>";
		};
		6EC4203D2C1A783B00027EE9 /* pump */ = {
			isa = PBXGroup;
			children = (
				6EC4203E2C1A783B00027EE9 /* pumpApp.swift */,
				6EB3761C2C2117D900A6B1C7 /* ContentView.swift */,
				6EC420422C1A783C00027EE9 /* Assets.xcassets */,
				6EC420442C1A783C00027EE9 /* pump.entitlements */,
				6EC420452C1A783C00027EE9 /* Preview Content */,
			);
			path = pump;
			sourceTree = "<group>";
		};
		6EC420452C1A783C00027EE9 /* Preview Content */ = {
			isa = PBXGroup;
			children = (
				6EC420462C1A783C00027EE9 /* Preview Assets.xcassets */,
			);
			path = "Preview Content";
			sourceTree = "<group>";
		};
		6EC4204F2C1A783D00027EE9 /* pumpTests */ = {
			isa = PBXGroup;
			children = (
				6EC420502C1A783D00027EE9 /* pumpTests.swift */,
			);
			path = pumpTests;
			sourceTree = "<group>";
		};
		6EC420592C1A783D00027EE9 /* pumpUITests */ = {
			isa = PBXGroup;
			children = (
				6EC4205A2C1A783D00027EE9 /* pumpUITests.swift */,
				6EC4205C2C1A783D00027EE9 /* pumpUITestsLaunchTests.swift */,
			);
			path = pumpUITests;
			sourceTree = "<group>";
		};
/* End PBXGroup section */

/* Begin PBXNativeTarget section */
		6EC4203A2C1A783B00027EE9 /* pump */ = {
			isa = PBXNativeTarget;
			buildConfigurationList = 6EC420602C1A783D00027EE9 /* Build configuration list for PBXNativeTarget "pump" */;
			buildPhases = (
				6EC420372C1A783B00027EE9 /* Sources */,
				6EC420382C1A783B00027EE9 /* Frameworks */,
				6EC420392C1A783B00027EE9 /* Resources */,
			);
			buildRules = (
			);
			dependencies = (
			);
			name = pump;
			productName = pump;
			productReference = 6EC4203B2C1A783B00027EE9 /* pump.app */;
			productType = "com.apple.product-type.application";
		};
		6EC4204B2C1A783C00027EE9 /* pumpTests */ = {
			isa = PBXNativeTarget;
			buildConfigurationList = 6EC420632C1A783D00027EE9 /* Build configuration list for PBXNativeTarget "pumpTests" */;
			buildPhases = (
				6EC420482C1A783C00027EE9 /* Sources */,
				6EC420492C1A783C00027EE9 /* Frameworks */,
				6EC4204A2C1A783C00027EE9 /* Resources */,
			);
			buildRules = (
			);
			dependencies = (
				6EC4204E2C1A783C00027EE9 /* PBXTargetDependency */,
			);
			name = pumpTests;
			productName = pumpTests;
			productReference = 6EC4204C2C1A783C00027EE9 /* pumpTests.xctest */;
			productType = "com.apple.product-type.bundle.unit-test";
		};
		6EC420552C1A783D00027EE9 /* pumpUITests */ = {
			isa = PBXNativeTarget;
			buildConfigurationList = 6EC420662C1A783D00027EE9 /* Build configuration list for PBXNativeTarget "pumpUITests" */;
			buildPhases = (
				6EC420522C1A783D00027EE9 /* Sources */,
				6EC420532C1A783D00027EE9 /* Frameworks */,
				6EC420542C1A783D00027EE9 /* Resources */,
			);
			buildRules = (
			);
			dependencies = (
				6EC420582C1A783D00027EE9 /* PBXTargetDependency */,
			);
			name = pumpUITests;
			productName = pumpUITests;
			productReference = 6EC420562C1A783D00027EE9 /* pumpUITests.xctest */;
			productType = "com.apple.product-type.bundle.ui-testing";
		};
/* End PBXNativeTarget section */

/* Begin PBXProject section */
		6EC420332C1A783B00027EE9 /* Project object */ = {
			isa = PBXProject;
			attributes = {
				BuildIndependentTargetsInParallel = 1;
				LastSwiftUpdateCheck = 1540;
				LastUpgradeCheck = 1540;
				TargetAttributes = {
					6EC4203A2C1A783B00027EE9 = {
						CreatedOnToolsVersion = 15.4;
					};
					6EC4204B2C1A783C00027EE9 = {
						CreatedOnToolsVersion = 15.4;
						TestTargetID = 6EC4203A2C1A783B00027EE9;
					};
					6EC420552C1A783D00027EE9 = {
						CreatedOnToolsVersion = 15.4;
						TestTargetID = 6EC4203A2C1A783B00027EE9;
					};
				};
			};
			buildConfigurationList = 6EC420362C1A783B00027EE9 /* Build configuration list for PBXProject "pump" */;
			compatibilityVersion = "Xcode 14.0";
			developmentRegion = en;
			hasScannedForEncodings = 0;
			knownRegions = (
				en,
				Base,
			);
			mainGroup = 6EC420322C1A783B00027EE9;
			productRefGroup = 6EC4203C2C1A783B00027EE9 /* Products */;
			projectDirPath = "";
			projectRoot = "";
			targets = (
				6EC4203A2C1A783B00027EE9 /* pump */,
				6EC4204B2C1A783C00027EE9 /* pumpTests */,
				6EC420552C1A783D00027EE9 /* pumpUITests */,
			);
		};
/* End PBXProject section */

/* Begin PBXResourcesBuildPhase section */
		6EC420392C1A783B00027EE9 /* Resources */ = {
			isa = PBXResourcesBuildPhase;
			buildActionMask = 2147483647;
			files = (
				6EC420472C1A783C00027EE9 /* Preview Assets.xcassets in Resources */,
				6EC420432C1A783C00027EE9 /* Assets.xcassets in Resources */,
			);
			runOnlyForDeploymentPostprocessing = 0;
		};
		6EC4204A2C1A783C00027EE9 /* Resources */ = {
			isa = PBXResourcesBuildPhase;
			buildActionMask = 2147483647;
			files = (
			);
			runOnlyForDeploymentPostprocessing = 0;
		};
		6EC420542C1A783D00027EE9 /* Resources */ = {
			isa = PBXResourcesBuildPhase;
			buildActionMask = 2147483647;
			files = (
			);
			runOnlyForDeploymentPostprocessing = 0;
		};
/* End PBXResourcesBuildPhase section */

/* Begin PBXSourcesBuildPhase section */
		6EC420372C1A783B00027EE9 /* Sources */ = {
			isa = PBXSourcesBuildPhase;
			buildActionMask = 2147483647;
			files = (
				6EB3761D2C2117D900A6B1C7 /* ContentView.swift in Sources */,
				6EC4203F2C1A783B00027EE9 /* pumpApp.swift in Sources */,
			);
			runOnlyForDeploymentPostprocessing = 0;
		};
		6EC420482C1A783C00027EE9 /* Sources */ = {
			isa = PBXSourcesBuildPhase;
			buildActionMask = 2147483647;
			files = (
				6EC420512C1A783D00027EE9 /* pumpTests.swift in Sources */,
			);
			runOnlyForDeploymentPostprocessing = 0;
		};
		6EC420522C1A783D00027EE9 /* Sources */ = {
			isa = PBXSourcesBuildPhase;
			buildActionMask = 2147483647;
			files = (
				6EC4205D2C1A783D00027EE9 /* pumpUITestsLaunchTests.swift in Sources */,
				6EC4205B2C1A783D00027EE9 /* pumpUITests.swift in Sources */,
			);
			runOnlyForDeploymentPostprocessing = 0;
		};
/* End PBXSourcesBuildPhase section */

/* Begin PBXTargetDependency section */
		6EC4204E2C1A783C00027EE9 /* PBXTargetDependency */ = {
			isa = PBXTargetDependency;
			target = 6EC4203A2C1A783B00027EE9 /* pump */;
			targetProxy = 6EC4204D2C1A783C00027EE9 /* PBXContainerItemProxy */;
		};
		6EC420582C1A783D00027EE9 /* PBXTargetDependency */ = {
			isa = PBXTargetDependency;
			target = 6EC4203A2C1A783B00027EE9 /* pump */;
			targetProxy = 6EC420572C1A783D00027EE9 /* PBXContainerItemProxy */;
		};
/* End PBXTargetDependency section */

/* Begin XCBuildConfiguration section */
		6EC4205E2C1A783D00027EE9 /* Debug */ = {
			isa = XCBuildConfiguration;
			buildSettings = {
				ALWAYS_SEARCH_USER_PATHS = NO;
				ASSETCATALOG_COMPILER_GENERATE_SWIFT_ASSET_SYMBOL_EXTENSIONS = YES;
				CLANG_ANALYZER_NONNULL = YES;
				CLANG_ANALYZER_NUMBER_OBJECT_CONVERSION = YES_AGGRESSIVE;
				CLANG_CXX_LANGUAGE_STANDARD = "gnu++20";
				CLANG_ENABLE_MODULES = YES;
				CLANG_ENABLE_OBJC_ARC = YES;
				CLANG_ENABLE_OBJC_WEAK = YES;
				CLANG_WARN_BLOCK_CAPTURE_AUTORELEASING = YES;
				CLANG_WARN_BOOL_CONVERSION = YES;
				CLANG_WARN_COMMA = YES;
				CLANG_WARN_CONSTANT_CONVERSION = YES;
				CLANG_WARN_DEPRECATED_OBJC_IMPLEMENTATIONS = YES;
				CLANG_WARN_DIRECT_OBJC_ISA_USAGE = YES_ERROR;
				CLANG_WARN_DOCUMENTATION_COMMENTS = YES;
				CLANG_WARN_EMPTY_BODY = YES;
				CLANG_WARN_ENUM_CONVERSION = YES;
				CLANG_WARN_INFINITE_RECURSION = YES;
				CLANG_WARN_INT_CONVERSION = YES;
				CLANG_WARN_NON_LITERAL_NULL_CONVERSION = YES;
				CLANG_WARN_OBJC_IMPLICIT_RETAIN_SELF = YES;
				CLANG_WARN_OBJC_LITERAL_CONVERSION = YES;
				CLANG_WARN_OBJC_ROOT_CLASS = YES_ERROR;
				CLANG_WARN_QUOTED_INCLUDE_IN_FRAMEWORK_HEADER = YES;
				CLANG_WARN_RANGE_LOOP_ANALYSIS = YES;
				CLANG_WARN_STRICT_PROTOTYPES = YES;
				CLANG_WARN_SUSPICIOUS_MOVE = YES;
				CLANG_WARN_UNGUARDED_AVAILABILITY = YES_AGGRESSIVE;
				CLANG_WARN_UNREACHABLE_CODE = YES;
				CLANG_WARN__DUPLICATE_METHOD_MATCH = YES;
				COPY_PHASE_STRIP = NO;
				DEBUG_INFORMATION_FORMAT = dwarf;
				ENABLE_STRICT_OBJC_MSGSEND = YES;
				ENABLE_TESTABILITY = YES;
				ENABLE_USER_SCRIPT_SANDBOXING = YES;
				GCC_C_LANGUAGE_STANDARD = gnu17;
				GCC_DYNAMIC_NO_PIC = NO;
				GCC_NO_COMMON_BLOCKS = YES;
				GCC_OPTIMIZATION_LEVEL = 0;
				GCC_PREPROCESSOR_DEFINITIONS = (
					"DEBUG=1",
					"$(inherited)",
				);
				GCC_WARN_64_TO_32_BIT_CONVERSION = YES;
				GCC_WARN_ABOUT_RETURN_TYPE = YES_ERROR;
				GCC_WARN_UNDECLARED_SELECTOR = YES;
				GCC_WARN_UNINITIALIZED_AUTOS = YES_AGGRESSIVE;
				GCC_WARN_UNUSED_FUNCTION = YES;
				GCC_WARN_UNUSED_VARIABLE = YES;
				LOCALIZATION_PREFERS_STRING_CATALOGS = YES;
				MTL_ENABLE_DEBUG_INFO = INCLUDE_SOURCE;
				MTL_FAST_MATH = YES;
				ONLY_ACTIVE_ARCH = YES;
				SWIFT_ACTIVE_COMPILATION_CONDITIONS = "DEBUG $(inherited)";
				SWIFT_OPTIMIZATION_LEVEL = "-Onone";
			};
			name = Debug;
		};
		6EC4205F2C1A783D00027EE9 /* Release */ = {
			isa = XCBuildConfiguration;
			buildSettings = {
				ALWAYS_SEARCH_USER_PATHS = NO;
				ASSETCATALOG_COMPILER_GENERATE_SWIFT_ASSET_SYMBOL_EXTENSIONS = YES;
				CLANG_ANALYZER_NONNULL = YES;
				CLANG_ANALYZER_NUMBER_OBJECT_CONVERSION = YES_AGGRESSIVE;
				CLANG_CXX_LANGUAGE_STANDARD = "gnu++20";
				CLANG_ENABLE_MODULES = YES;
				CLANG_ENABLE_OBJC_ARC = YES;
				CLANG_ENABLE_OBJC_WEAK = YES;
				CLANG_WARN_BLOCK_CAPTURE_AUTORELEASING = YES;
				CLANG_WARN_BOOL_CONVERSION = YES;
				CLANG_WARN_COMMA = YES;
				CLANG_WARN_CONSTANT_CONVERSION = YES;
				CLANG_WARN_DEPRECATED_OBJC_IMPLEMENTATIONS = YES;
				CLANG_WARN_DIRECT_OBJC_ISA_USAGE = YES_ERROR;
				CLANG_WARN_DOCUMENTATION_COMMENTS = YES;
				CLANG_WARN_EMPTY_BODY = YES;
				CLANG_WARN_ENUM_CONVERSION = YES;
				CLANG_WARN_INFINITE_RECURSION = YES;
				CLANG_WARN_INT_CONVERSION = YES;
				CLANG_WARN_NON_LITERAL_NULL_CONVERSION = YES;
				CLANG_WARN_OBJC_IMPLICIT_RETAIN_SELF = YES;
				CLANG_WARN_OBJC_LITERAL_CONVERSION = YES;
				CLANG_WARN_OBJC_ROOT_CLASS = YES_ERROR;
				CLANG_WARN_QUOTED_INCLUDE_IN_FRAMEWORK_HEADER = YES;
				CLANG_WARN_RANGE_LOOP_ANALYSIS = YES;
				CLANG_WARN_STRICT_PROTOTYPES = YES;
				CLANG_WARN_SUSPICIOUS_MOVE = YES;
				CLANG_WARN_UNGUARDED_AVAILABILITY = YES_AGGRESSIVE;
				CLANG_WARN_UNREACHABLE_CODE = YES;
				CLANG_WARN__DUPLICATE_METHOD_MATCH = YES;
				COPY_PHASE_STRIP = NO;
				DEBUG_INFORMATION_FORMAT = "dwarf-with-dsym";
				ENABLE_NS_ASSERTIONS = NO;
				ENABLE_STRICT_OBJC_MSGSEND = YES;
				ENABLE_USER_SCRIPT_SANDBOXING = YES;
				GCC_C_LANGUAGE_STANDARD = gnu17;
				GCC_NO_COMMON_BLOCKS = YES;
				GCC_WARN_64_TO_32_BIT_CONVERSION = YES;
				GCC_WARN_ABOUT_RETURN_TYPE = YES_ERROR;
				GCC_WARN_UNDECLARED_SELECTOR = YES;
				GCC_WARN_UNINITIALIZED_AUTOS = YES_AGGRESSIVE;
				GCC_WARN_UNUSED_FUNCTION = YES;
				GCC_WARN_UNUSED_VARIABLE = YES;
				LOCALIZATION_PREFERS_STRING_CATALOGS = YES;
				MTL_ENABLE_DEBUG_INFO = NO;
				MTL_FAST_MATH = YES;
				SWIFT_COMPILATION_MODE = wholemodule;
			};
			name = Release;
		};
		6EC420612C1A783D00027EE9 /* Debug */ = {
			isa = XCBuildConfiguration;
			buildSettings = {
				ASSETCATALOG_COMPILER_APPICON_NAME = AppIcon;
				ASSETCATALOG_COMPILER_GLOBAL_ACCENT_COLOR_NAME = AccentColor;
				CODE_SIGN_ENTITLEMENTS = pump/pump.entitlements;
				CODE_SIGN_STYLE = Automatic;
				CURRENT_PROJECT_VERSION = 1;
				DEVELOPMENT_ASSET_PATHS = "\"pump/Preview Content\"";
				DEVELOPMENT_TEAM = JRWKVG95GL;
				ENABLE_PREVIEWS = YES;
				GENERATE_INFOPLIST_FILE = YES;
				"INFOPLIST_KEY_UIApplicationSceneManifest_Generation[sdk=iphoneos*]" = YES;
				"INFOPLIST_KEY_UIApplicationSceneManifest_Generation[sdk=iphonesimulator*]" = YES;
				"INFOPLIST_KEY_UIApplicationSupportsIndirectInputEvents[sdk=iphoneos*]" = YES;
				"INFOPLIST_KEY_UIApplicationSupportsIndirectInputEvents[sdk=iphonesimulator*]" = YES;
				"INFOPLIST_KEY_UILaunchScreen_Generation[sdk=iphoneos*]" = YES;
				"INFOPLIST_KEY_UILaunchScreen_Generation[sdk=iphonesimulator*]" = YES;
				"INFOPLIST_KEY_UIStatusBarStyle[sdk=iphoneos*]" = UIStatusBarStyleDefault;
				"INFOPLIST_KEY_UIStatusBarStyle[sdk=iphonesimulator*]" = UIStatusBarStyleDefault;
				INFOPLIST_KEY_UISupportedInterfaceOrientations_iPad = "UIInterfaceOrientationPortrait UIInterfaceOrientationPortraitUpsideDown UIInterfaceOrientationLandscapeLeft UIInterfaceOrientationLandscapeRight";
				INFOPLIST_KEY_UISupportedInterfaceOrientations_iPhone = "UIInterfaceOrientationPortrait UIInterfaceOrientationLandscapeLeft UIInterfaceOrientationLandscapeRight";
				IPHONEOS_DEPLOYMENT_TARGET = 17.3;
				LD_RUNPATH_SEARCH_PATHS = "@executable_path/Frameworks";
				"LD_RUNPATH_SEARCH_PATHS[sdk=macosx*]" = "@executable_path/../Frameworks";
				MACOSX_DEPLOYMENT_TARGET = 14.3;
				MARKETING_VERSION = 1.0;
				PRODUCT_BUNDLE_IDENTIFIER = "--.pump";
				PRODUCT_NAME = "$(TARGET_NAME)";
				SDKROOT = auto;
				SUPPORTED_PLATFORMS = "iphoneos iphonesimulator macosx";
				SWIFT_EMIT_LOC_STRINGS = YES;
				SWIFT_VERSION = 5.0;
				TARGETED_DEVICE_FAMILY = "1,2";
			};
			name = Debug;
		};
		6EC420622C1A783D00027EE9 /* Release */ = {
			isa = XCBuildConfiguration;
			buildSettings = {
				ASSETCATALOG_COMPILER_APPICON_NAME = AppIcon;
				ASSETCATALOG_COMPILER_GLOBAL_ACCENT_COLOR_NAME = AccentColor;
				CODE_SIGN_ENTITLEMENTS = pump/pump.entitlements;
				CODE_SIGN_STYLE = Automatic;
				CURRENT_PROJECT_VERSION = 1;
				DEVELOPMENT_ASSET_PATHS = "\"pump/Preview Content\"";
				DEVELOPMENT_TEAM = JRWKVG95GL;
				ENABLE_PREVIEWS = YES;
				GENERATE_INFOPLIST_FILE = YES;
				"INFOPLIST_KEY_UIApplicationSceneManifest_Generation[sdk=iphoneos*]" = YES;
				"INFOPLIST_KEY_UIApplicationSceneManifest_Generation[sdk=iphonesimulator*]" = YES;
				"INFOPLIST_KEY_UIApplicationSupportsIndirectInputEvents[sdk=iphoneos*]" = YES;
				"INFOPLIST_KEY_UIApplicationSupportsIndirectInputEvents[sdk=iphonesimulator*]" = YES;
				"INFOPLIST_KEY_UILaunchScreen_Generation[sdk=iphoneos*]" = YES;
				"INFOPLIST_KEY_UILaunchScreen_Generation[sdk=iphonesimulator*]" = YES;
				"INFOPLIST_KEY_UIStatusBarStyle[sdk=iphoneos*]" = UIStatusBarStyleDefault;
				"INFOPLIST_KEY_UIStatusBarStyle[sdk=iphonesimulator*]" = UIStatusBarStyleDefault;
				INFOPLIST_KEY_UISupportedInterfaceOrientations_iPad = "UIInterfaceOrientationPortrait UIInterfaceOrientationPortraitUpsideDown UIInterfaceOrientationLandscapeLeft UIInterfaceOrientationLandscapeRight";
				INFOPLIST_KEY_UISupportedInterfaceOrientations_iPhone = "UIInterfaceOrientationPortrait UIInterfaceOrientationLandscapeLeft UIInterfaceOrientationLandscapeRight";
				IPHONEOS_DEPLOYMENT_TARGET = 17.3;
				LD_RUNPATH_SEARCH_PATHS = "@executable_path/Frameworks";
				"LD_RUNPATH_SEARCH_PATHS[sdk=macosx*]" = "@executable_path/../Frameworks";
				MACOSX_DEPLOYMENT_TARGET = 14.3;
				MARKETING_VERSION = 1.0;
				PRODUCT_BUNDLE_IDENTIFIER = "--.pump";
				PRODUCT_NAME = "$(TARGET_NAME)";
				SDKROOT = auto;
				SUPPORTED_PLATFORMS = "iphoneos iphonesimulator macosx";
				SWIFT_EMIT_LOC_STRINGS = YES;
				SWIFT_VERSION = 5.0;
				TARGETED_DEVICE_FAMILY = "1,2";
			};
			name = Release;
		};
		6EC420642C1A783D00027EE9 /* Debug */ = {
			isa = XCBuildConfiguration;
			buildSettings = {
				ALWAYS_EMBED_SWIFT_STANDARD_LIBRARIES = YES;
				BUNDLE_LOADER = "$(TEST_HOST)";
				CODE_SIGN_STYLE = Automatic;
				CURRENT_PROJECT_VERSION = 1;
				GENERATE_INFOPLIST_FILE = YES;
				IPHONEOS_DEPLOYMENT_TARGET = 17.5;
				MACOSX_DEPLOYMENT_TARGET = 14.3;
				MARKETING_VERSION = 1.0;
				PRODUCT_BUNDLE_IDENTIFIER = "--.pumpTests";
				PRODUCT_NAME = "$(TARGET_NAME)";
				SDKROOT = auto;
				SUPPORTED_PLATFORMS = "iphoneos iphonesimulator macosx";
				SWIFT_EMIT_LOC_STRINGS = NO;
				SWIFT_VERSION = 5.0;
				TARGETED_DEVICE_FAMILY = "1,2";
				TEST_HOST = "$(BUILT_PRODUCTS_DIR)/pump.app/$(BUNDLE_EXECUTABLE_FOLDER_PATH)/pump";
			};
			name = Debug;
		};
		6EC420652C1A783D00027EE9 /* Release */ = {
			isa = XCBuildConfiguration;
			buildSettings = {
				ALWAYS_EMBED_SWIFT_STANDARD_LIBRARIES = YES;
				BUNDLE_LOADER = "$(TEST_HOST)";
				CODE_SIGN_STYLE = Automatic;
				CURRENT_PROJECT_VERSION = 1;
				GENERATE_INFOPLIST_FILE = YES;
				IPHONEOS_DEPLOYMENT_TARGET = 17.5;
				MACOSX_DEPLOYMENT_TARGET = 14.3;
				MARKETING_VERSION = 1.0;
				PRODUCT_BUNDLE_IDENTIFIER = "--.pumpTests";
				PRODUCT_NAME = "$(TARGET_NAME)";
				SDKROOT = auto;
				SUPPORTED_PLATFORMS = "iphoneos iphonesimulator macosx";
				SWIFT_EMIT_LOC_STRINGS = NO;
				SWIFT_VERSION = 5.0;
				TARGETED_DEVICE_FAMILY = "1,2";
				TEST_HOST = "$(BUILT_PRODUCTS_DIR)/pump.app/$(BUNDLE_EXECUTABLE_FOLDER_PATH)/pump";
			};
			name = Release;
		};
		6EC420672C1A783D00027EE9 /* Debug */ = {
			isa = XCBuildConfiguration;
			buildSettings = {
				ALWAYS_EMBED_SWIFT_STANDARD_LIBRARIES = YES;
				CODE_SIGN_STYLE = Automatic;
				CURRENT_PROJECT_VERSION = 1;
				GENERATE_INFOPLIST_FILE = YES;
				IPHONEOS_DEPLOYMENT_TARGET = 17.5;
				MACOSX_DEPLOYMENT_TARGET = 14.3;
				MARKETING_VERSION = 1.0;
				PRODUCT_BUNDLE_IDENTIFIER = "--.pumpUITests";
				PRODUCT_NAME = "$(TARGET_NAME)";
				SDKROOT = auto;
				SUPPORTED_PLATFORMS = "iphoneos iphonesimulator macosx";
				SWIFT_EMIT_LOC_STRINGS = NO;
				SWIFT_VERSION = 5.0;
				TARGETED_DEVICE_FAMILY = "1,2";
				TEST_TARGET_NAME = pump;
			};
			name = Debug;
		};
		6EC420682C1A783D00027EE9 /* Release */ = {
			isa = XCBuildConfiguration;
			buildSettings = {
				ALWAYS_EMBED_SWIFT_STANDARD_LIBRARIES = YES;
				CODE_SIGN_STYLE = Automatic;
				CURRENT_PROJECT_VERSION = 1;
				GENERATE_INFOPLIST_FILE = YES;
				IPHONEOS_DEPLOYMENT_TARGET = 17.5;
				MACOSX_DEPLOYMENT_TARGET = 14.3;
				MARKETING_VERSION = 1.0;
				PRODUCT_BUNDLE_IDENTIFIER = "--.pumpUITests";
				PRODUCT_NAME = "$(TARGET_NAME)";
				SDKROOT = auto;
				SUPPORTED_PLATFORMS = "iphoneos iphonesimulator macosx";
				SWIFT_EMIT_LOC_STRINGS = NO;
				SWIFT_VERSION = 5.0;
				TARGETED_DEVICE_FAMILY = "1,2";
				TEST_TARGET_NAME = pump;
			};
			name = Release;
		};
/* End XCBuildConfiguration section */

/* Begin XCConfigurationList section */
		6EC420362C1A783B00027EE9 /* Build configuration list for PBXProject "pump" */ = {
			isa = XCConfigurationList;
			buildConfigurations = (
				6EC4205E2C1A783D00027EE9 /* Debug */,
				6EC4205F2C1A783D00027EE9 /* Release */,
			);
			defaultConfigurationIsVisible = 0;
			defaultConfigurationName = Release;
		};
		6EC420602C1A783D00027EE9 /* Build configuration list for PBXNativeTarget "pump" */ = {
			isa = XCConfigurationList;
			buildConfigurations = (
				6EC420612C1A783D00027EE9 /* Debug */,
				6EC420622C1A783D00027EE9 /* Release */,
			);
			defaultConfigurationIsVisible = 0;
			defaultConfigurationName = Release;
		};
		6EC420632C1A783D00027EE9 /* Build configuration list for PBXNativeTarget "pumpTests" */ = {
			isa = XCConfigurationList;
			buildConfigurations = (
				6EC420642C1A783D00027EE9 /* Debug */,
				6EC420652C1A783D00027EE9 /* Release */,
			);
			defaultConfigurationIsVisible = 0;
			defaultConfigurationName = Release;
		};
		6EC420662C1A783D00027EE9 /* Build configuration list for PBXNativeTarget "pumpUITests" */ = {
			isa = XCConfigurationList;
			buildConfigurations = (
				6EC420672C1A783D00027EE9 /* Debug */,
				6EC420682C1A783D00027EE9 /* Release */,
			);
			defaultConfigurationIsVisible = 0;
			defaultConfigurationName = Release;
		};
/* End XCConfigurationList section */
	};
	rootObject = 6EC420332C1A783B00027EE9 /* Project object */;
}
